
Microsoft Visual Studio Solution File, Format Version 12.00
# Visual Studio 15
Project("{FAE04EC0-301F-11D3-BF4B-00C04F79EFBC}") = "Assembly-CSharp", "Assembly-CSharp.csproj", "{EB7D48FB-93B9-08DE-8816-EEE1C4395068}"
EndProject
Project("{FAE04EC0-301F-11D3-BF4B-00C04F79EFBC}") = "Assembly-CSharp-Editor", "Assembly-CSharp-Editor.csproj", "{2517FE25-337C-B3EB-A40A-A1589A8A15B3}"
EndProject
Global
	GlobalSection(SolutionConfigurationPlatforms) = preSolution
		Debug|Any CPU = Debug|Any CPU
		Release|Any CPU = Release|Any CPU
	EndGlobalSection
	GlobalSection(ProjectConfigurationPlatforms) = postSolution
		{EB7D48FB-93B9-08DE-8816-EEE1C4395068}.Debug|Any CPU.ActiveCfg = Debug|Any CPU
		{EB7D48FB-93B9-08DE-8816-EEE1C4395068}.Debug|Any CPU.Build.0 = Debug|Any CPU
		{EB7D48FB-93B9-08DE-8816-EEE1C4395068}.Release|Any CPU.ActiveCfg = Release|Any CPU
		{EB7D48FB-93B9-08DE-8816-EEE1C4395068}.Release|Any CPU.Build.0 = Release|Any CPU
		{2517FE25-337C-B3EB-A40A-A1589A8A15B3}.Debug|Any CPU.ActiveCfg = Debug|Any CPU
		{2517FE25-337C-B3EB-A40A-A1589A8A15B3}.Debug|Any CPU.Build.0 = Debug|Any CPU
		{2517FE25-337C-B3EB-A40A-A1589A8A15B3}.Release|Any CPU.ActiveCfg = Release|Any CPU
		{2517FE25-337C-B3EB-A40A-A1589A8A15B3}.Release|Any CPU.Build.0 = Release|Any CPU
	EndGlobalSection
	GlobalSection(SolutionProperties) = preSolution
		HideSolutionNode = FALSE
	EndGlobalSection
EndGlobal
